// !$*UTF8*$!
{
	archiveVersion = 1;
	classes = {
	};
	objectVersion = 46;
	objects = {

/* Begin PBXBuildFile section */
		4CF157071BAB6E2400B3DAA6 /* AppDelegate.swift in Sources */ = {isa = PBXBuildFile; fileRef = 4CF157061BAB6E2400B3DAA6 /* AppDelegate.swift */; };
		4CF157091BAB6E2400B3DAA6 /* ViewController.swift in Sources */ = {isa = PBXBuildFile; fileRef = 4CF157081BAB6E2400B3DAA6 /* ViewController.swift */; };
		4CF1570C1BAB6E2400B3DAA6 /* Main.storyboard in Resources */ = {isa = PBXBuildFile; fileRef = 4CF1570A1BAB6E2400B3DAA6 /* Main.storyboard */; };
		4CF1570E1BAB6E2400B3DAA6 /* Images.xcassets in Resources */ = {isa = PBXBuildFile; fileRef = 4CF1570D1BAB6E2400B3DAA6 /* Images.xcassets */; };
		4CF157111BAB6E2400B3DAA6 /* LaunchScreen.xib in Resources */ = {isa = PBXBuildFile; fileRef = 4CF1570F1BAB6E2400B3DAA6 /* LaunchScreen.xib */; };
		4CF1571D1BAB6E2400B3DAA6 /* TouchTrackerTests.swift in Sources */ = {isa = PBXBuildFile; fileRef = 4CF1571C1BAB6E2400B3DAA6 /* TouchTrackerTests.swift */; };
		4CF1572A1BAB6F4800B3DAA6 /* Line.swift in Sources */ = {isa = PBXBuildFile; fileRef = 4CF157291BAB6F4800B3DAA6 /* Line.swift */; };
		4CF1572C1BAB6FA000B3DAA6 /* DrawView.swift in Sources */ = {isa = PBXBuildFile; fileRef = 4CF1572B1BAB6FA000B3DAA6 /* DrawView.swift */; };
/* End PBXBuildFile section */

/* Begin PBXContainerItemProxy section */
		4CF157171BAB6E2400B3DAA6 /* PBXContainerItemProxy */ = {
			isa = PBXContainerItemProxy;
			containerPortal = 4CF156F91BAB6E2400B3DAA6 /* Project object */;
			proxyType = 1;
			remoteGlobalIDString = 4CF157001BAB6E2400B3DAA6;
			remoteInfo = TouchTracker;
		};
/* End PBXContainerItemProxy section */

/* Begin PBXFileReference section */
		4CF157011BAB6E2400B3DAA6 /* TouchTracker.app */ = {isa = PBXFileReference; explicitFileType = wrapper.application; includeInIndex = 0; path = TouchTracker.app; sourceTree = BUILT_PRODUCTS_DIR; };
		4CF157051BAB6E2400B3DAA6 /* Info.plist */ = {isa = PBXFileReference; lastKnownFileType = text.plist.xml; path = Info.plist; sourceTree = "<group>"; };
		4CF157061BAB6E2400B3DAA6 /* AppDelegate.swift */ = {isa = PBXFileReference; lastKnownFileType = sourcecode.swift; path = AppDelegate.swift; sourceTree = "<group>"; };
		4CF157081BAB6E2400B3DAA6 /* ViewController.swift */ = {isa = PBXFileReference; lastKnownFileType = sourcecode.swift; path = ViewController.swift; sourceTree = "<group>"; };
		4CF1570B1BAB6E2400B3DAA6 /* Base */ = {isa = PBXFileReference; lastKnownFileType = file.storyboard; name = Base; path = Base.lproj/Main.storyboard; sourceTree = "<group>"; };
		4CF1570D1BAB6E2400B3DAA6 /* Images.xcassets */ = {isa = PBXFileReference; lastKnownFileType = folder.assetcatalog; path = Images.xcassets; sourceTree = "<group>"; };
		4CF157101BAB6E2400B3DAA6 /* Base */ = {isa = PBXFileReference; lastKnownFileType = file.xib; name = Base; path = Base.lproj/LaunchScreen.xib; sourceTree = "<group>"; };
		4CF157161BAB6E2400B3DAA6 /* TouchTrackerTests.xctest */ = {isa = PBXFileReference; explicitFileType = wrapper.cfbundle; includeInIndex = 0; path = TouchTrackerTests.xctest; sourceTree = BUILT_PRODUCTS_DIR; };
		4CF1571B1BAB6E2400B3DAA6 /* Info.plist */ = {isa = PBXFileReference; lastKnownFileType = text.plist.xml; path = Info.plist; sourceTree = "<group>"; };
		4CF1571C1BAB6E2400B3DAA6 /* TouchTrackerTests.swift */ = {isa = PBXFileReference; lastKnownFileType = sourcecode.swift; path = TouchTrackerTests.swift; sourceTree = "<group>"; };
		4CF157291BAB6F4800B3DAA6 /* Line.swift */ = {isa = PBXFileReference; fileEncoding = 4; lastKnownFileType = sourcecode.swift; path = Line.swift; sourceTree = "<group>"; };
		4CF1572B1BAB6FA000B3DAA6 /* DrawView.swift */ = {isa = PBXFileReference; fileEncoding = 4; lastKnownFileType = sourcecode.swift; path = DrawView.swift; sourceTree = "<group>"; };
/* End PBXFileReference section */

/* Begin PBXFrameworksBuildPhase section */
		4CF156FE1BAB6E2400B3DAA6 /* Frameworks */ = {
			isa = PBXFrameworksBuildPhase;
			buildActionMask = 2147483647;
			files = (
			);
			runOnlyForDeploymentPostprocessing = 0;
		};
		4CF157131BAB6E2400B3DAA6 /* Frameworks */ = {
			isa = PBXFrameworksBuildPhase;
			buildActionMask = 2147483647;
			files = (
			);
			runOnlyForDeploymentPostprocessing = 0;
		};
/* End PBXFrameworksBuildPhase section */

/* Begin PBXGroup section */
		4CF156F81BAB6E2400B3DAA6 = {
			isa = PBXGroup;
			children = (
				4CF157031BAB6E2400B3DAA6 /* TouchTracker */,
				4CF157191BAB6E2400B3DAA6 /* TouchTrackerTests */,
				4CF157021BAB6E2400B3DAA6 /* Products */,
			);
			sourceTree = "<group>";
		};
		4CF157021BAB6E2400B3DAA6 /* Products */ = {
			isa = PBXGroup;
			children = (
				4CF157011BAB6E2400B3DAA6 /* TouchTracker.app */,
				4CF157161BAB6E2400B3DAA6 /* TouchTrackerTests.xctest */,
			);
			name = Products;
			sourceTree = "<group>";
		};
		4CF157031BAB6E2400B3DAA6 /* TouchTracker */ = {
			isa = PBXGroup;
			children = (
				4CF157061BAB6E2400B3DAA6 /* AppDelegate.swift */,
				4CF157081BAB6E2400B3DAA6 /* ViewController.swift */,
				4CF157261BAB6EFC00B3DAA6 /* Model */,
				4CF157281BAB6F0F00B3DAA6 /* Controller */,
				4CF157271BAB6F0C00B3DAA6 /* View */,
				4CF1570D1BAB6E2400B3DAA6 /* Images.xcassets */,
				4CF1570F1BAB6E2400B3DAA6 /* LaunchScreen.xib */,
				4CF157041BAB6E2400B3DAA6 /* Supporting Files */,
			);
			path = TouchTracker;
			sourceTree = "<group>";
		};
		4CF157041BAB6E2400B3DAA6 /* Supporting Files */ = {
			isa = PBXGroup;
			children = (
				4CF157051BAB6E2400B3DAA6 /* Info.plist */,
			);
			name = "Supporting Files";
			sourceTree = "<group>";
		};
		4CF157191BAB6E2400B3DAA6 /* TouchTrackerTests */ = {
			isa = PBXGroup;
			children = (
				4CF1571C1BAB6E2400B3DAA6 /* TouchTrackerTests.swift */,
				4CF1571A1BAB6E2400B3DAA6 /* Supporting Files */,
			);
			path = TouchTrackerTests;
			sourceTree = "<group>";
		};
		4CF1571A1BAB6E2400B3DAA6 /* Supporting Files */ = {
			isa = PBXGroup;
			children = (
				4CF1571B1BAB6E2400B3DAA6 /* Info.plist */,
			);
			name = "Supporting Files";
			sourceTree = "<group>";
		};
		4CF157261BAB6EFC00B3DAA6 /* Model */ = {
			isa = PBXGroup;
			children = (
				4CF157291BAB6F4800B3DAA6 /* Line.swift */,
			);
			name = Model;
			sourceTree = "<group>";
		};
		4CF157271BAB6F0C00B3DAA6 /* View */ = {
			isa = PBXGroup;
			children = (
				4CF1572B1BAB6FA000B3DAA6 /* DrawView.swift */,
				4CF1570A1BAB6E2400B3DAA6 /* Main.storyboard */,
			);
			name = View;
			sourceTree = "<group>";
		};
		4CF157281BAB6F0F00B3DAA6 /* Controller */ = {
			isa = PBXGroup;
			children = (
			);
			name = Controller;
			sourceTree = "<group>";
		};
/* End PBXGroup section */

/* Begin PBXNativeTarget section */
		4CF157001BAB6E2400B3DAA6 /* TouchTracker */ = {
			isa = PBXNativeTarget;
			buildConfigurationList = 4CF157201BAB6E2400B3DAA6 /* Build configuration list for PBXNativeTarget "TouchTracker" */;
			buildPhases = (
				4CF156FD1BAB6E2400B3DAA6 /* Sources */,
				4CF156FE1BAB6E2400B3DAA6 /* Frameworks */,
				4CF156FF1BAB6E2400B3DAA6 /* Resources */,
			);
			buildRules = (
			);
			dependencies = (
			);
			name = TouchTracker;
			productName = TouchTracker;
			productReference = 4CF157011BAB6E2400B3DAA6 /* TouchTracker.app */;
			productType = "com.apple.product-type.application";
		};
		4CF157151BAB6E2400B3DAA6 /* TouchTrackerTests */ = {
			isa = PBXNativeTarget;
			buildConfigurationList = 4CF157231BAB6E2400B3DAA6 /* Build configuration list for PBXNativeTarget "TouchTrackerTests" */;
			buildPhases = (
				4CF157121BAB6E2400B3DAA6 /* Sources */,
				4CF157131BAB6E2400B3DAA6 /* Frameworks */,
				4CF157141BAB6E2400B3DAA6 /* Resources */,
			);
			buildRules = (
			);
			dependencies = (
				4CF157181BAB6E2400B3DAA6 /* PBXTargetDependency */,
			);
			name = TouchTrackerTests;
			productName = TouchTrackerTests;
			productReference = 4CF157161BAB6E2400B3DAA6 /* TouchTrackerTests.xctest */;
			productType = "com.apple.product-type.bundle.unit-test";
		};
/* End PBXNativeTarget section */

/* Begin PBXProject section */
		4CF156F91BAB6E2400B3DAA6 /* Project object */ = {
			isa = PBXProject;
			attributes = {
				LastUpgradeCheck = 0640;
				ORGANIZATIONNAME = LinkedIn;
				TargetAttributes = {
					4CF157001BAB6E2400B3DAA6 = {
						CreatedOnToolsVersion = 6.4;
					};
					4CF157151BAB6E2400B3DAA6 = {
						CreatedOnToolsVersion = 6.4;
						TestTargetID = 4CF157001BAB6E2400B3DAA6;
					};
				};
			};
			buildConfigurationList = 4CF156FC1BAB6E2400B3DAA6 /* Build configuration list for PBXProject "TouchTracker" */;
			compatibilityVersion = "Xcode 3.2";
			developmentRegion = English;
			hasScannedForEncodings = 0;
			knownRegions = (
				en,
				Base,
			);
			mainGroup = 4CF156F81BAB6E2400B3DAA6;
			productRefGroup = 4CF157021BAB6E2400B3DAA6 /* Products */;
			projectDirPath = "";
			projectRoot = "";
			targets = (
				4CF157001BAB6E2400B3DAA6 /* TouchTracker */,
				4CF157151BAB6E2400B3DAA6 /* TouchTrackerTests */,
			);
		};
/* End PBXProject section */

/* Begin PBXResourcesBuildPhase section */
		4CF156FF1BAB6E2400B3DAA6 /* Resources */ = {
			isa = PBXResourcesBuildPhase;
			buildActionMask = 2147483647;
			files = (
				4CF1570C1BAB6E2400B3DAA6 /* Main.storyboard in Resources */,
				4CF157111BAB6E2400B3DAA6 /* LaunchScreen.xib in Resources */,
				4CF1570E1BAB6E2400B3DAA6 /* Images.xcassets in Resources */,
			);
			runOnlyForDeploymentPostprocessing = 0;
		};
		4CF157141BAB6E2400B3DAA6 /* Resources */ = {
			isa = PBXResourcesBuildPhase;
			buildActionMask = 2147483647;
			files = (
			);
			runOnlyForDeploymentPostprocessing = 0;
		};
/* End PBXResourcesBuildPhase section */

/* Begin PBXSourcesBuildPhase section */
		4CF156FD1BAB6E2400B3DAA6 /* Sources */ = {
			isa = PBXSourcesBuildPhase;
			buildActionMask = 2147483647;
			files = (
				4CF1572A1BAB6F4800B3DAA6 /* Line.swift in Sources */,
				4CF157091BAB6E2400B3DAA6 /* ViewController.swift in Sources */,
				4CF1572C1BAB6FA000B3DAA6 /* DrawView.swift in Sources */,
				4CF157071BAB6E2400B3DAA6 /* AppDelegate.swift in Sources */,
			);
			runOnlyForDeploymentPostprocessing = 0;
		};
		4CF157121BAB6E2400B3DAA6 /* Sources */ = {
			isa = PBXSourcesBuildPhase;
			buildActionMask = 2147483647;
			files = (
				4CF1571D1BAB6E2400B3DAA6 /* TouchTrackerTests.swift in Sources */,
			);
			runOnlyForDeploymentPostprocessing = 0;
		};
/* End PBXSourcesBuildPhase section */

/* Begin PBXTargetDependency section */
		4CF157181BAB6E2400B3DAA6 /* PBXTargetDependency */ = {
			isa = PBXTargetDependency;
			target = 4CF157001BAB6E2400B3DAA6 /* TouchTracker */;
			targetProxy = 4CF157171BAB6E2400B3DAA6 /* PBXContainerItemProxy */;
		};
/* End PBXTargetDependency section */

/* Begin PBXVariantGroup section */
		4CF1570A1BAB6E2400B3DAA6 /* Main.storyboard */ = {
			isa = PBXVariantGroup;
			children = (
				4CF1570B1BAB6E2400B3DAA6 /* Base */,
			);
			name = Main.storyboard;
			sourceTree = "<group>";
		};
		4CF1570F1BAB6E2400B3DAA6 /* LaunchScreen.xib */ = {
			isa = PBXVariantGroup;
			children = (
				4CF157101BAB6E2400B3DAA6 /* Base */,
			);
			name = LaunchScreen.xib;
			sourceTree = "<group>";
		};
/* End PBXVariantGroup section */

/* Begin XCBuildConfiguration section */
		4CF1571E1BAB6E2400B3DAA6 /* Debug */ = {
			isa = XCBuildConfiguration;
			buildSettings = {
				ALWAYS_SEARCH_USER_PATHS = NO;
				CLANG_CXX_LANGUAGE_STANDARD = "gnu++0x";
				CLANG_CXX_LIBRARY = "libc++";
				CLANG_ENABLE_MODULES = YES;
				CLANG_ENABLE_OBJC_ARC = YES;
				CLANG_WARN_BOOL_CONVERSION = YES;
				CLANG_WARN_CONSTANT_CONVERSION = YES;
				CLANG_WARN_DIRECT_OBJC_ISA_USAGE = YES_ERROR;
				CLANG_WARN_EMPTY_BODY = YES;
				CLANG_WARN_ENUM_CONVERSION = YES;
				CLANG_WARN_INT_CONVERSION = YES;
				CLANG_WARN_OBJC_ROOT_CLASS = YES_ERROR;
				CLANG_WARN_UNREACHABLE_CODE = YES;
				CLANG_WARN__DUPLICATE_METHOD_MATCH = YES;
				"CODE_SIGN_IDENTITY[sdk=iphoneos*]" = "iPhone Developer";
				COPY_PHASE_STRIP = NO;
				DEBUG_INFORMATION_FORMAT = "dwarf-with-dsym";
				ENABLE_STRICT_OBJC_MSGSEND = YES;
				GCC_C_LANGUAGE_STANDARD = gnu99;
				GCC_DYNAMIC_NO_PIC = NO;
				GCC_NO_COMMON_BLOCKS = YES;
				GCC_OPTIMIZATION_LEVEL = 0;
				GCC_PREPROCESSOR_DEFINITIONS = (
					"DEBUG=1",
					"$(inherited)",
				);
				GCC_SYMBOLS_PRIVATE_EXTERN = NO;
				GCC_WARN_64_TO_32_BIT_CONVERSION = YES;
				GCC_WARN_ABOUT_RETURN_TYPE = YES_ERROR;
				GCC_WARN_UNDECLARED_SELECTOR = YES;
				GCC_WARN_UNINITIALIZED_AUTOS = YES_AGGRESSIVE;
				GCC_WARN_UNUSED_FUNCTION = YES;
				GCC_WARN_UNUSED_VARIABLE = YES;
				IPHONEOS_DEPLOYMENT_TARGET = 8.4;
				MTL_ENABLE_DEBUG_INFO = YES;
				ONLY_ACTIVE_ARCH = YES;
				SDKROOT = iphoneos;
				SWIFT_OPTIMIZATION_LEVEL = "-Onone";
				TARGETED_DEVICE_FAMILY = "1,2";
			};
			name = Debug;
		};
		4CF1571F1BAB6E2400B3DAA6 /* Release */ = {
			isa = XCBuildConfiguration;
			buildSettings = {
				ALWAYS_SEARCH_USER_PATHS = NO;
				CLANG_CXX_LANGUAGE_STANDARD = "gnu++0x";
				CLANG_CXX_LIBRARY = "libc++";
				CLANG_ENABLE_MODULES = YES;
				CLANG_ENABLE_OBJC_ARC = YES;
				CLANG_WARN_BOOL_CONVERSION = YES;
				CLANG_WARN_CONSTANT_CONVERSION = YES;
				CLANG_WARN_DIRECT_OBJC_ISA_USAGE = YES_ERROR;
				CLANG_WARN_EMPTY_BODY = YES;
				CLANG_WARN_ENUM_CONVERSION = YES;
				CLANG_WARN_INT_CONVERSION = YES;
				CLANG_WARN_OBJC_ROOT_CLASS = YES_ERROR;
				CLANG_WARN_UNREACHABLE_CODE = YES;
				CLANG_WARN__DUPLICATE_METHOD_MATCH = YES;
				"CODE_SIGN_IDENTITY[sdk=iphoneos*]" = "iPhone Developer";
				COPY_PHASE_STRIP = NO;
				DEBUG_INFORMATION_FORMAT = "dwarf-with-dsym";
				ENABLE_NS_ASSERTIONS = NO;
				ENABLE_STRICT_OBJC_MSGSEND = YES;
				GCC_C_LANGUAGE_STANDARD = gnu99;
				GCC_NO_COMMON_BLOCKS = YES;
				GCC_WARN_64_TO_32_BIT_CONVERSION = YES;
				GCC_WARN_ABOUT_RETURN_TYPE = YES_ERROR;
				GCC_WARN_UNDECLARED_SELECTOR = YES;
				GCC_WARN_UNINITIALIZED_AUTOS = YES_AGGRESSIVE;
				GCC_WARN_UNUSED_FUNCTION = YES;
				GCC_WARN_UNUSED_VARIABLE = YES;
				IPHONEOS_DEPLOYMENT_TARGET = 8.4;
				MTL_ENABLE_DEBUG_INFO = NO;
				SDKROOT = iphoneos;
				TARGETED_DEVICE_FAMILY = "1,2";
				VALIDATE_PRODUCT = YES;
			};
			name = Release;
		};
		4CF157211BAB6E2400B3DAA6 /* Debug */ = {
			isa = XCBuildConfiguration;
			buildSettings = {
				ASSETCATALOG_COMPILER_APPICON_NAME = AppIcon;
				INFOPLIST_FILE = TouchTracker/Info.plist;
				LD_RUNPATH_SEARCH_PATHS = "$(inherited) @executable_path/Frameworks";
				PRODUCT_NAME = "$(TARGET_NAME)";
			};
			name = Debug;
		};
		4CF157221BAB6E2400B3DAA6 /* Release */ = {
			isa = XCBuildConfiguration;
			buildSettings = {
				ASSETCATALOG_COMPILER_APPICON_NAME = AppIcon;
				INFOPLIST_FILE = TouchTracker/Info.plist;
				LD_RUNPATH_SEARCH_PATHS = "$(inherited) @executable_path/Frameworks";
				PRODUCT_NAME = "$(TARGET_NAME)";
			};
			name = Release;
		};
		4CF157241BAB6E2400B3DAA6 /* Debug */ = {
			isa = XCBuildConfiguration;
			buildSettings = {
				BUNDLE_LOADER = "$(TEST_HOST)";
				FRAMEWORK_SEARCH_PATHS = (
					"$(SDKROOT)/Developer/Library/Frameworks",
					"$(inherited)",
				);
				GCC_PREPROCESSOR_DEFINITIONS = (
					"DEBUG=1",
					"$(inherited)",
				);
				INFOPLIST_FILE = TouchTrackerTests/Info.plist;
				LD_RUNPATH_SEARCH_PATHS = "$(inherited) @executable_path/Frameworks @loader_path/Frameworks";
				PRODUCT_NAME = "$(TARGET_NAME)";
				TEST_HOST = "$(BUILT_PRODUCTS_DIR)/TouchTracker.app/TouchTracker";
			};
			name = Debug;
		};
		4CF157251BAB6E2400B3DAA6 /* Release */ = {
			isa = XCBuildConfiguration;
			buildSettings = {
				BUNDLE_LOADER = "$(TEST_HOST)";
				FRAMEWORK_SEARCH_PATHS = (
					"$(SDKROOT)/Developer/Library/Frameworks",
					"$(inherited)",
				);
				INFOPLIST_FILE = TouchTrackerTests/Info.plist;
				LD_RUNPATH_SEARCH_PATHS = "$(inherited) @executable_path/Frameworks @loader_path/Frameworks";
				PRODUCT_NAME = "$(TARGET_NAME)";
				TEST_HOST = "$(BUILT_PRODUCTS_DIR)/TouchTracker.app/TouchTracker";
			};
			name = Release;
		};
/* End XCBuildConfiguration section */

/* Begin XCConfigurationList section */
		4CF156FC1BAB6E2400B3DAA6 /* Build configuration list for PBXProject "TouchTracker" */ = {
			isa = XCConfigurationList;
			buildConfigurations = (
				4CF1571E1BAB6E2400B3DAA6 /* Debug */,
				4CF1571F1BAB6E2400B3DAA6 /* Release */,
			);
			defaultConfigurationIsVisible = 0;
			defaultConfigurationName = Release;
		};
		4CF157201BAB6E2400B3DAA6 /* Build configuration list for PBXNativeTarget "TouchTracker" */ = {
			isa = XCConfigurationList;
			buildConfigurations = (
				4CF157211BAB6E2400B3DAA6 /* Debug */,
				4CF157221BAB6E2400B3DAA6 /* Release */,
			);
			defaultConfigurationIsVisible = 0;
		};
		4CF157231BAB6E2400B3DAA6 /* Build configuration list for PBXNativeTarget "TouchTrackerTests" */ = {
			isa = XCConfigurationList;
			buildConfigurations = (
				4CF157241BAB6E2400B3DAA6 /* Debug */,
				4CF157251BAB6E2400B3DAA6 /* Release */,
			);
			defaultConfigurationIsVisible = 0;
		};
/* End XCConfigurationList section */
	};
	rootObject = 4CF156F91BAB6E2400B3DAA6 /* Project object */;
}
